
Microsoft Visual Studio Solution File, Format Version 12.00
# Visual Studio Version 17
VisualStudioVersion = 17.0.32112.339
MinimumVisualStudioVersion = 10.0.40219.1
Project("{FAE04EC0-301F-11D3-BF4B-00C04F79EFBC}") = "Catalog", "Catalog.csproj", "{CF160E55-34DF-4D2E-91C4-DD7057BA5942}"
EndProject
Global
	GlobalSection(SolutionConfigurationPlatforms) = preSolution
		Debug|Any CPU = Debug|Any CPU
		Release|Any CPU = Release|Any CPU
	EndGlobalSection
	GlobalSection(ProjectConfigurationPlatforms) = postSolution
		{CF160E55-34DF-4D2E-91C4-DD7057BA5942}.Debug|Any CPU.ActiveCfg = Debug|Any CPU
		{CF160E55-34DF-4D2E-91C4-DD7057BA5942}.Debug|Any CPU.Build.0 = Debug|Any CPU
		{CF160E55-34DF-4D2E-91C4-DD7057BA5942}.Release|Any CPU.ActiveCfg = Release|Any CPU
		{CF160E55-34DF-4D2E-91C4-DD7057BA5942}.Release|Any CPU.Build.0 = Release|Any CPU
	EndGlobalSection
	GlobalSection(SolutionProperties) = preSolution
		HideSolutionNode = FALSE
	EndGlobalSection
	GlobalSection(ExtensibilityGlobals) = postSolution
		SolutionGuid = {9AB523B8-8BD7-4D7E-80C2-2A5A74917957}
	EndGlobalSection
EndGlobal
